
Microsoft Visual Studio Solution File, Format Version 12.00
# Visual Studio Version 16
VisualStudioVersion = 16.0.30804.86
MinimumVisualStudioVersion = 10.0.40219.1
Project("{FAE04EC0-301F-11D3-BF4B-00C04F79EFBC}") = "DesignPatternPractice", "DesignPatternPractice\DesignPatternPractice.csproj", "{9E9AB9D9-3053-4374-98DE-DE467934D32C}"
EndProject
Global
	GlobalSection(SolutionConfigurationPlatforms) = preSolution
		Debug|Any CPU = Debug|Any CPU
		Release|Any CPU = Release|Any CPU
	EndGlobalSection
	GlobalSection(ProjectConfigurationPlatforms) = postSolution
		{9E9AB9D9-3053-4374-98DE-DE467934D32C}.Debug|Any CPU.ActiveCfg = Debug|Any CPU
		{9E9AB9D9-3053-4374-98DE-DE467934D32C}.Debug|Any CPU.Build.0 = Debug|Any CPU
		{9E9AB9D9-3053-4374-98DE-DE467934D32C}.Release|Any CPU.ActiveCfg = Release|Any CPU
		{9E9AB9D9-3053-4374-98DE-DE467934D32C}.Release|Any CPU.Build.0 = Release|Any CPU
	EndGlobalSection
	GlobalSection(SolutionProperties) = preSolution
		HideSolutionNode = FALSE
	EndGlobalSection
	GlobalSection(ExtensibilityGlobals) = postSolution
		SolutionGuid = {6E03D201-FB79-42A2-B4D9-EFD9B985AC33}
	EndGlobalSection
EndGlobal
